
Microsoft Visual Studio Solution File, Format Version 12.00
# Visual Studio Version 17
VisualStudioVersion = 17.7.34018.315
MinimumVisualStudioVersion = 10.0.40219.1
Project("{FAE04EC0-301F-11D3-BF4B-00C04F79EFBC}") = "ClassManagment", "ClassManagment\ClassManagment.csproj", "{7701701E-F818-407B-A91E-7B34E3F47FE8}"
EndProject
Global
	GlobalSection(SolutionConfigurationPlatforms) = preSolution
		Debug|Any CPU = Debug|Any CPU
		Release|Any CPU = Release|Any CPU
	EndGlobalSection
	GlobalSection(ProjectConfigurationPlatforms) = postSolution
		{7701701E-F818-407B-A91E-7B34E3F47FE8}.Debug|Any CPU.ActiveCfg = Debug|Any CPU
		{7701701E-F818-407B-A91E-7B34E3F47FE8}.Debug|Any CPU.Build.0 = Debug|Any CPU
		{7701701E-F818-407B-A91E-7B34E3F47FE8}.Release|Any CPU.ActiveCfg = Release|Any CPU
		{7701701E-F818-407B-A91E-7B34E3F47FE8}.Release|Any CPU.Build.0 = Release|Any CPU
	EndGlobalSection
	GlobalSection(SolutionProperties) = preSolution
		HideSolutionNode = FALSE
	EndGlobalSection
	GlobalSection(ExtensibilityGlobals) = postSolution
		SolutionGuid = {487EEBD7-9977-4234-8BD3-26AE08E9330A}
	EndGlobalSection
EndGlobal
